// !$*UTF8*$!
{
	archiveVersion = 1;
	classes = {
	};
	objectVersion = 50;
	objects = {

/* Begin PBXBuildFile section */
		FACF1788215400E600A9AF8E /* AppDelegate.m in Sources */ = {isa = PBXBuildFile; fileRef = FACF1787215400E600A9AF8E /* AppDelegate.m */; };
		FACF178E215400E600A9AF8E /* Main.storyboard in Resources */ = {isa = PBXBuildFile; fileRef = FACF178C215400E600A9AF8E /* Main.storyboard */; };
		FACF1790215400E700A9AF8E /* Assets.xcassets in Resources */ = {isa = PBXBuildFile; fileRef = FACF178F215400E700A9AF8E /* Assets.xcassets */; };
		FACF1793215400E700A9AF8E /* LaunchScreen.storyboard in Resources */ = {isa = PBXBuildFile; fileRef = FACF1791215400E700A9AF8E /* LaunchScreen.storyboard */; };
		FACF1796215400E700A9AF8E /* main.m in Sources */ = {isa = PBXBuildFile; fileRef = FACF1795215400E700A9AF8E /* main.m */; };
		FACF17A02154017A00A9AF8E /* KMSPost.m in Sources */ = {isa = PBXBuildFile; fileRef = FACF179F2154017A00A9AF8E /* KMSPost.m */; };
/* End PBXBuildFile section */

/* Begin PBXFileReference section */
		FACF1783215400E600A9AF8E /* Reddit-C.app */ = {isa = PBXFileReference; explicitFileType = wrapper.application; includeInIndex = 0; path = "Reddit-C.app"; sourceTree = BUILT_PRODUCTS_DIR; };
		FACF1786215400E600A9AF8E /* AppDelegate.h */ = {isa = PBXFileReference; lastKnownFileType = sourcecode.c.h; path = AppDelegate.h; sourceTree = "<group>"; };
		FACF1787215400E600A9AF8E /* AppDelegate.m */ = {isa = PBXFileReference; lastKnownFileType = sourcecode.c.objc; path = AppDelegate.m; sourceTree = "<group>"; };
		FACF178D215400E600A9AF8E /* Base */ = {isa = PBXFileReference; lastKnownFileType = file.storyboard; name = Base; path = Base.lproj/Main.storyboard; sourceTree = "<group>"; };
		FACF178F215400E700A9AF8E /* Assets.xcassets */ = {isa = PBXFileReference; lastKnownFileType = folder.assetcatalog; path = Assets.xcassets; sourceTree = "<group>"; };
		FACF1792215400E700A9AF8E /* Base */ = {isa = PBXFileReference; lastKnownFileType = file.storyboard; name = Base; path = Base.lproj/LaunchScreen.storyboard; sourceTree = "<group>"; };
		FACF1794215400E700A9AF8E /* Info.plist */ = {isa = PBXFileReference; lastKnownFileType = text.plist.xml; path = Info.plist; sourceTree = "<group>"; };
		FACF1795215400E700A9AF8E /* main.m */ = {isa = PBXFileReference; lastKnownFileType = sourcecode.c.objc; path = main.m; sourceTree = "<group>"; };
		FACF179E2154017A00A9AF8E /* KMSPost.h */ = {isa = PBXFileReference; lastKnownFileType = sourcecode.c.h; path = KMSPost.h; sourceTree = "<group>"; };
		FACF179F2154017A00A9AF8E /* KMSPost.m */ = {isa = PBXFileReference; lastKnownFileType = sourcecode.c.objc; path = KMSPost.m; sourceTree = "<group>"; };
/* End PBXFileReference section */

/* Begin PBXFrameworksBuildPhase section */
		FACF1780215400E600A9AF8E /* Frameworks */ = {
			isa = PBXFrameworksBuildPhase;
			buildActionMask = 2147483647;
			files = (
			);
			runOnlyForDeploymentPostprocessing = 0;
		};
/* End PBXFrameworksBuildPhase section */

/* Begin PBXGroup section */
		FACF177A215400E600A9AF8E = {
			isa = PBXGroup;
			children = (
				FACF1785215400E600A9AF8E /* Reddit-C */,
				FACF1784215400E600A9AF8E /* Products */,
			);
			sourceTree = "<group>";
		};
		FACF1784215400E600A9AF8E /* Products */ = {
			isa = PBXGroup;
			children = (
				FACF1783215400E600A9AF8E /* Reddit-C.app */,
			);
			name = Products;
			sourceTree = "<group>";
		};
		FACF1785215400E600A9AF8E /* Reddit-C */ = {
			isa = PBXGroup;
			children = (
				FACF17A1215401B400A9AF8E /* Model */,
				FACF179D2154015C00A9AF8E /* Resources */,
			);
			path = "Reddit-C";
			sourceTree = "<group>";
		};
		FACF179D2154015C00A9AF8E /* Resources */ = {
			isa = PBXGroup;
			children = (
				FACF1786215400E600A9AF8E /* AppDelegate.h */,
				FACF1787215400E600A9AF8E /* AppDelegate.m */,
				FACF178C215400E600A9AF8E /* Main.storyboard */,
				FACF178F215400E700A9AF8E /* Assets.xcassets */,
				FACF1791215400E700A9AF8E /* LaunchScreen.storyboard */,
				FACF1794215400E700A9AF8E /* Info.plist */,
				FACF1795215400E700A9AF8E /* main.m */,
			);
			path = Resources;
			sourceTree = "<group>";
		};
		FACF17A1215401B400A9AF8E /* Model */ = {
			isa = PBXGroup;
			children = (
				FACF179E2154017A00A9AF8E /* KMSPost.h */,
				FACF179F2154017A00A9AF8E /* KMSPost.m */,
			);
			path = Model;
			sourceTree = "<group>";
		};
/* End PBXGroup section */

/* Begin PBXNativeTarget section */
		FACF1782215400E600A9AF8E /* Reddit-C */ = {
			isa = PBXNativeTarget;
			buildConfigurationList = FACF1799215400E700A9AF8E /* Build configuration list for PBXNativeTarget "Reddit-C" */;
			buildPhases = (
				FACF177F215400E600A9AF8E /* Sources */,
				FACF1780215400E600A9AF8E /* Frameworks */,
				FACF1781215400E600A9AF8E /* Resources */,
			);
			buildRules = (
			);
			dependencies = (
			);
			name = "Reddit-C";
			productName = "Reddit-C";
			productReference = FACF1783215400E600A9AF8E /* Reddit-C.app */;
			productType = "com.apple.product-type.application";
		};
/* End PBXNativeTarget section */

/* Begin PBXProject section */
		FACF177B215400E600A9AF8E /* Project object */ = {
			isa = PBXProject;
			attributes = {
				CLASSPREFIX = KMS;
				LastUpgradeCheck = 1000;
				ORGANIZATIONNAME = "Kaden Staker";
				TargetAttributes = {
					FACF1782215400E600A9AF8E = {
						CreatedOnToolsVersion = 10.0;
					};
				};
			};
			buildConfigurationList = FACF177E215400E600A9AF8E /* Build configuration list for PBXProject "Reddit-C" */;
			compatibilityVersion = "Xcode 9.3";
			developmentRegion = en;
			hasScannedForEncodings = 0;
			knownRegions = (
				en,
				Base,
			);
			mainGroup = FACF177A215400E600A9AF8E;
			productRefGroup = FACF1784215400E600A9AF8E /* Products */;
			projectDirPath = "";
			projectRoot = "";
			targets = (
				FACF1782215400E600A9AF8E /* Reddit-C */,
			);
		};
/* End PBXProject section */

/* Begin PBXResourcesBuildPhase section */
		FACF1781215400E600A9AF8E /* Resources */ = {
			isa = PBXResourcesBuildPhase;
			buildActionMask = 2147483647;
			files = (
				FACF1793215400E700A9AF8E /* LaunchScreen.storyboard in Resources */,
				FACF1790215400E700A9AF8E /* Assets.xcassets in Resources */,
				FACF178E215400E600A9AF8E /* Main.storyboard in Resources */,
			);
			runOnlyForDeploymentPostprocessing = 0;
		};
/* End PBXResourcesBuildPhase section */

/* Begin PBXSourcesBuildPhase section */
		FACF177F215400E600A9AF8E /* Sources */ = {
			isa = PBXSourcesBuildPhase;
			buildActionMask = 2147483647;
			files = (
				FACF17A02154017A00A9AF8E /* KMSPost.m in Sources */,
				FACF1796215400E700A9AF8E /* main.m in Sources */,
				FACF1788215400E600A9AF8E /* AppDelegate.m in Sources */,
			);
			runOnlyForDeploymentPostprocessing = 0;
		};
/* End PBXSourcesBuildPhase section */

/* Begin PBXVariantGroup section */
		FACF178C215400E600A9AF8E /* Main.storyboard */ = {
			isa = PBXVariantGroup;
			children = (
				FACF178D215400E600A9AF8E /* Base */,
			);
			name = Main.storyboard;
			sourceTree = "<group>";
		};
		FACF1791215400E700A9AF8E /* LaunchScreen.storyboard */ = {
			isa = PBXVariantGroup;
			children = (
				FACF1792215400E700A9AF8E /* Base */,
			);
			name = LaunchScreen.storyboard;
			sourceTree = "<group>";
		};
/* End PBXVariantGroup section */

/* Begin XCBuildConfiguration section */
		FACF1797215400E700A9AF8E /* Debug */ = {
			isa = XCBuildConfiguration;
			buildSettings = {
				ALWAYS_SEARCH_USER_PATHS = NO;
				CLANG_ANALYZER_NONNULL = YES;
				CLANG_ANALYZER_NUMBER_OBJECT_CONVERSION = YES_AGGRESSIVE;
				CLANG_CXX_LANGUAGE_STANDARD = "gnu++14";
				CLANG_CXX_LIBRARY = "libc++";
				CLANG_ENABLE_MODULES = YES;
				CLANG_ENABLE_OBJC_ARC = YES;
				CLANG_ENABLE_OBJC_WEAK = YES;
				CLANG_WARN_BLOCK_CAPTURE_AUTORELEASING = YES;
				CLANG_WARN_BOOL_CONVERSION = YES;
				CLANG_WARN_COMMA = YES;
				CLANG_WARN_CONSTANT_CONVERSION = YES;
				CLANG_WARN_DEPRECATED_OBJC_IMPLEMENTATIONS = YES;
				CLANG_WARN_DIRECT_OBJC_ISA_USAGE = YES_ERROR;
				CLANG_WARN_DOCUMENTATION_COMMENTS = YES;
				CLANG_WARN_EMPTY_BODY = YES;
				CLANG_WARN_ENUM_CONVERSION = YES;
				CLANG_WARN_INFINITE_RECURSION = YES;
				CLANG_WARN_INT_CONVERSION = YES;
				CLANG_WARN_NON_LITERAL_NULL_CONVERSION = YES;
				CLANG_WARN_OBJC_IMPLICIT_RETAIN_SELF = YES;
				CLANG_WARN_OBJC_LITERAL_CONVERSION = YES;
				CLANG_WARN_OBJC_ROOT_CLASS = YES_ERROR;
				CLANG_WARN_RANGE_LOOP_ANALYSIS = YES;
				CLANG_WARN_STRICT_PROTOTYPES = YES;
				CLANG_WARN_SUSPICIOUS_MOVE = YES;
				CLANG_WARN_UNGUARDED_AVAILABILITY = YES_AGGRESSIVE;
				CLANG_WARN_UNREACHABLE_CODE = YES;
				CLANG_WARN__DUPLICATE_METHOD_MATCH = YES;
				CODE_SIGN_IDENTITY = "iPhone Developer";
				COPY_PHASE_STRIP = NO;
				DEBUG_INFORMATION_FORMAT = dwarf;
				ENABLE_STRICT_OBJC_MSGSEND = YES;
				ENABLE_TESTABILITY = YES;
				GCC_C_LANGUAGE_STANDARD = gnu11;
				GCC_DYNAMIC_NO_PIC = NO;
				GCC_NO_COMMON_BLOCKS = YES;
				GCC_OPTIMIZATION_LEVEL = 0;
				GCC_PREPROCESSOR_DEFINITIONS = (
					"DEBUG=1",
					"$(inherited)",
				);
				GCC_WARN_64_TO_32_BIT_CONVERSION = YES;
				GCC_WARN_ABOUT_RETURN_TYPE = YES_ERROR;
				GCC_WARN_UNDECLARED_SELECTOR = YES;
				GCC_WARN_UNINITIALIZED_AUTOS = YES_AGGRESSIVE;
				GCC_WARN_UNUSED_FUNCTION = YES;
				GCC_WARN_UNUSED_VARIABLE = YES;
				IPHONEOS_DEPLOYMENT_TARGET = 12.0;
				MTL_ENABLE_DEBUG_INFO = INCLUDE_SOURCE;
				MTL_FAST_MATH = YES;
				ONLY_ACTIVE_ARCH = YES;
				SDKROOT = iphoneos;
			};
			name = Debug;
		};
		FACF1798215400E700A9AF8E /* Release */ = {
			isa = XCBuildConfiguration;
			buildSettings = {
				ALWAYS_SEARCH_USER_PATHS = NO;
				CLANG_ANALYZER_NONNULL = YES;
				CLANG_ANALYZER_NUMBER_OBJECT_CONVERSION = YES_AGGRESSIVE;
				CLANG_CXX_LANGUAGE_STANDARD = "gnu++14";
				CLANG_CXX_LIBRARY = "libc++";
				CLANG_ENABLE_MODULES = YES;
				CLANG_ENABLE_OBJC_ARC = YES;
				CLANG_ENABLE_OBJC_WEAK = YES;
				CLANG_WARN_BLOCK_CAPTURE_AUTORELEASING = YES;
				CLANG_WARN_BOOL_CONVERSION = YES;
				CLANG_WARN_COMMA = YES;
				CLANG_WARN_CONSTANT_CONVERSION = YES;
				CLANG_WARN_DEPRECATED_OBJC_IMPLEMENTATIONS = YES;
				CLANG_WARN_DIRECT_OBJC_ISA_USAGE = YES_ERROR;
				CLANG_WARN_DOCUMENTATION_COMMENTS = YES;
				CLANG_WARN_EMPTY_BODY = YES;
				CLANG_WARN_ENUM_CONVERSION = YES;
				CLANG_WARN_INFINITE_RECURSION = YES;
				CLANG_WARN_INT_CONVERSION = YES;
				CLANG_WARN_NON_LITERAL_NULL_CONVERSION = YES;
				CLANG_WARN_OBJC_IMPLICIT_RETAIN_SELF = YES;
				CLANG_WARN_OBJC_LITERAL_CONVERSION = YES;
				CLANG_WARN_OBJC_ROOT_CLASS = YES_ERROR;
				CLANG_WARN_RANGE_LOOP_ANALYSIS = YES;
				CLANG_WARN_STRICT_PROTOTYPES = YES;
				CLANG_WARN_SUSPICIOUS_MOVE = YES;
				CLANG_WARN_UNGUARDED_AVAILABILITY = YES_AGGRESSIVE;
				CLANG_WARN_UNREACHABLE_CODE = YES;
				CLANG_WARN__DUPLICATE_METHOD_MATCH = YES;
				CODE_SIGN_IDENTITY = "iPhone Developer";
				COPY_PHASE_STRIP = NO;
				DEBUG_INFORMATION_FORMAT = "dwarf-with-dsym";
				ENABLE_NS_ASSERTIONS = NO;
				ENABLE_STRICT_OBJC_MSGSEND = YES;
				GCC_C_LANGUAGE_STANDARD = gnu11;
				GCC_NO_COMMON_BLOCKS = YES;
				GCC_WARN_64_TO_32_BIT_CONVERSION = YES;
				GCC_WARN_ABOUT_RETURN_TYPE = YES_ERROR;
				GCC_WARN_UNDECLARED_SELECTOR = YES;
				GCC_WARN_UNINITIALIZED_AUTOS = YES_AGGRESSIVE;
				GCC_WARN_UNUSED_FUNCTION = YES;
				GCC_WARN_UNUSED_VARIABLE = YES;
				IPHONEOS_DEPLOYMENT_TARGET = 12.0;
				MTL_ENABLE_DEBUG_INFO = NO;
				MTL_FAST_MATH = YES;
				SDKROOT = iphoneos;
				VALIDATE_PRODUCT = YES;
			};
			name = Release;
		};
		FACF179A215400E700A9AF8E /* Debug */ = {
			isa = XCBuildConfiguration;
			buildSettings = {
				ASSETCATALOG_COMPILER_APPICON_NAME = AppIcon;
				CODE_SIGN_STYLE = Automatic;
				DEVELOPMENT_TEAM = 288VUFV9XZ;
				INFOPLIST_FILE = "Reddit-C/Info.plist";
				LD_RUNPATH_SEARCH_PATHS = (
					"$(inherited)",
					"@executable_path/Frameworks",
				);
				PRODUCT_BUNDLE_IDENTIFIER = "com.kadenstaker.Reddit-C";
				PRODUCT_NAME = "$(TARGET_NAME)";
				TARGETED_DEVICE_FAMILY = "1,2";
			};
			name = Debug;
		};
		FACF179B215400E700A9AF8E /* Release */ = {
			isa = XCBuildConfiguration;
			buildSettings = {
				ASSETCATALOG_COMPILER_APPICON_NAME = AppIcon;
				CODE_SIGN_STYLE = Automatic;
				DEVELOPMENT_TEAM = 288VUFV9XZ;
				INFOPLIST_FILE = "Reddit-C/Info.plist";
				LD_RUNPATH_SEARCH_PATHS = (
					"$(inherited)",
					"@executable_path/Frameworks",
				);
				PRODUCT_BUNDLE_IDENTIFIER = "com.kadenstaker.Reddit-C";
				PRODUCT_NAME = "$(TARGET_NAME)";
				TARGETED_DEVICE_FAMILY = "1,2";
			};
			name = Release;
		};
/* End XCBuildConfiguration section */

/* Begin XCConfigurationList section */
		FACF177E215400E600A9AF8E /* Build configuration list for PBXProject "Reddit-C" */ = {
			isa = XCConfigurationList;
			buildConfigurations = (
				FACF1797215400E700A9AF8E /* Debug */,
				FACF1798215400E700A9AF8E /* Release */,
			);
			defaultConfigurationIsVisible = 0;
			defaultConfigurationName = Release;
		};
		FACF1799215400E700A9AF8E /* Build configuration list for PBXNativeTarget "Reddit-C" */ = {
			isa = XCConfigurationList;
			buildConfigurations = (
				FACF179A215400E700A9AF8E /* Debug */,
				FACF179B215400E700A9AF8E /* Release */,
			);
			defaultConfigurationIsVisible = 0;
			defaultConfigurationName = Release;
		};
/* End XCConfigurationList section */
	};
	rootObject = FACF177B215400E600A9AF8E /* Project object */;
}
